
Microsoft Visual Studio Solution File, Format Version 12.00
# Visual Studio 2012
Project("{FAE04EC0-301F-11D3-BF4B-00C04F79EFBC}") = "AsyncPrimitives", "AsyncPrimitives.csproj", "{9ED25568-0B37-4A20-B6A6-C2DD4B3521CC}"
EndProject
Project("{FAE04EC0-301F-11D3-BF4B-00C04F79EFBC}") = "AsyncPrimitives.Tests", "..\AsyncPrimitives.Tests\AsyncPrimitives.Tests.csproj", "{E579E6D6-808E-4CC7-A2B1-3A39980CD293}"
EndProject
Global
	GlobalSection(SolutionConfigurationPlatforms) = preSolution
		Debug|Any CPU = Debug|Any CPU
		Release|Any CPU = Release|Any CPU
	EndGlobalSection
	GlobalSection(ProjectConfigurationPlatforms) = postSolution
		{9ED25568-0B37-4A20-B6A6-C2DD4B3521CC}.Debug|Any CPU.ActiveCfg = Debug|Any CPU
		{9ED25568-0B37-4A20-B6A6-C2DD4B3521CC}.Debug|Any CPU.Build.0 = Debug|Any CPU
		{9ED25568-0B37-4A20-B6A6-C2DD4B3521CC}.Release|Any CPU.ActiveCfg = Release|Any CPU
		{9ED25568-0B37-4A20-B6A6-C2DD4B3521CC}.Release|Any CPU.Build.0 = Release|Any CPU
		{E579E6D6-808E-4CC7-A2B1-3A39980CD293}.Debug|Any CPU.ActiveCfg = Debug|Any CPU
		{E579E6D6-808E-4CC7-A2B1-3A39980CD293}.Debug|Any CPU.Build.0 = Debug|Any CPU
		{E579E6D6-808E-4CC7-A2B1-3A39980CD293}.Release|Any CPU.ActiveCfg = Release|Any CPU
		{E579E6D6-808E-4CC7-A2B1-3A39980CD293}.Release|Any CPU.Build.0 = Release|Any CPU
	EndGlobalSection
	GlobalSection(SolutionProperties) = preSolution
		HideSolutionNode = FALSE
	EndGlobalSection
EndGlobal
